// !$*UTF8*$!
{
	archiveVersion = 1;
	classes = {
	};
	objectVersion = 48;
	objects = {

/* Begin PBXBuildFile section */
		BC898AFB20ECC9BF00242EAA /* AppDelegate.m in Sources */ = {isa = PBXBuildFile; fileRef = BC898AFA20ECC9BF00242EAA /* AppDelegate.m */; };
		BC898AFE20ECC9BF00242EAA /* ViewController.m in Sources */ = {isa = PBXBuildFile; fileRef = BC898AFD20ECC9BF00242EAA /* ViewController.m */; };
		BC898B0120ECC9BF00242EAA /* Main.storyboard in Resources */ = {isa = PBXBuildFile; fileRef = BC898AFF20ECC9BF00242EAA /* Main.storyboard */; };
		BC898B0320ECC9BF00242EAA /* Assets.xcassets in Resources */ = {isa = PBXBuildFile; fileRef = BC898B0220ECC9BF00242EAA /* Assets.xcassets */; };
		BC898B0620ECC9BF00242EAA /* LaunchScreen.storyboard in Resources */ = {isa = PBXBuildFile; fileRef = BC898B0420ECC9BF00242EAA /* LaunchScreen.storyboard */; };
		BC898B0920ECC9BF00242EAA /* main.m in Sources */ = {isa = PBXBuildFile; fileRef = BC898B0820ECC9BF00242EAA /* main.m */; };
/* End PBXBuildFile section */

/* Begin PBXFileReference section */
		BC898AF620ECC9BF00242EAA /* JWSTimer.app */ = {isa = PBXFileReference; explicitFileType = wrapper.application; includeInIndex = 0; path = JWSTimer.app; sourceTree = BUILT_PRODUCTS_DIR; };
		BC898AF920ECC9BF00242EAA /* AppDelegate.h */ = {isa = PBXFileReference; lastKnownFileType = sourcecode.c.h; path = AppDelegate.h; sourceTree = "<group>"; };
		BC898AFA20ECC9BF00242EAA /* AppDelegate.m */ = {isa = PBXFileReference; lastKnownFileType = sourcecode.c.objc; path = AppDelegate.m; sourceTree = "<group>"; };
		BC898AFC20ECC9BF00242EAA /* ViewController.h */ = {isa = PBXFileReference; lastKnownFileType = sourcecode.c.h; path = ViewController.h; sourceTree = "<group>"; };
		BC898AFD20ECC9BF00242EAA /* ViewController.m */ = {isa = PBXFileReference; lastKnownFileType = sourcecode.c.objc; path = ViewController.m; sourceTree = "<group>"; };
		BC898B0020ECC9BF00242EAA /* Base */ = {isa = PBXFileReference; lastKnownFileType = file.storyboard; name = Base; path = Base.lproj/Main.storyboard; sourceTree = "<group>"; };
		BC898B0220ECC9BF00242EAA /* Assets.xcassets */ = {isa = PBXFileReference; lastKnownFileType = folder.assetcatalog; path = Assets.xcassets; sourceTree = "<group>"; };
		BC898B0520ECC9BF00242EAA /* Base */ = {isa = PBXFileReference; lastKnownFileType = file.storyboard; name = Base; path = Base.lproj/LaunchScreen.storyboard; sourceTree = "<group>"; };
		BC898B0720ECC9BF00242EAA /* Info.plist */ = {isa = PBXFileReference; lastKnownFileType = text.plist.xml; path = Info.plist; sourceTree = "<group>"; };
		BC898B0820ECC9BF00242EAA /* main.m */ = {isa = PBXFileReference; lastKnownFileType = sourcecode.c.objc; path = main.m; sourceTree = "<group>"; };
/* End PBXFileReference section */

/* Begin PBXFrameworksBuildPhase section */
		BC898AF320ECC9BF00242EAA /* Frameworks */ = {
			isa = PBXFrameworksBuildPhase;
			buildActionMask = 2147483647;
			files = (
			);
			runOnlyForDeploymentPostprocessing = 0;
		};
/* End PBXFrameworksBuildPhase section */

/* Begin PBXGroup section */
		BC898AED20ECC9BF00242EAA = {
			isa = PBXGroup;
			children = (
				BC898AF820ECC9BF00242EAA /* JWSTimer */,
				BC898AF720ECC9BF00242EAA /* Products */,
			);
			sourceTree = "<group>";
		};
		BC898AF720ECC9BF00242EAA /* Products */ = {
			isa = PBXGroup;
			children = (
				BC898AF620ECC9BF00242EAA /* JWSTimer.app */,
			);
			name = Products;
			sourceTree = "<group>";
		};
		BC898AF820ECC9BF00242EAA /* JWSTimer */ = {
			isa = PBXGroup;
			children = (
				BC898AF920ECC9BF00242EAA /* AppDelegate.h */,
				BC898AFA20ECC9BF00242EAA /* AppDelegate.m */,
				BC898AFC20ECC9BF00242EAA /* ViewController.h */,
				BC898AFD20ECC9BF00242EAA /* ViewController.m */,
				BC898AFF20ECC9BF00242EAA /* Main.storyboard */,
				BC898B0220ECC9BF00242EAA /* Assets.xcassets */,
				BC898B0420ECC9BF00242EAA /* LaunchScreen.storyboard */,
				BC898B0720ECC9BF00242EAA /* Info.plist */,
				BC898B0820ECC9BF00242EAA /* main.m */,
			);
			path = JWSTimer;
			sourceTree = "<group>";
		};
/* End PBXGroup section */

/* Begin PBXNativeTarget section */
		BC898AF520ECC9BF00242EAA /* JWSTimer */ = {
			isa = PBXNativeTarget;
			buildConfigurationList = BC898B0C20ECC9BF00242EAA /* Build configuration list for PBXNativeTarget "JWSTimer" */;
			buildPhases = (
				BC898AF220ECC9BF00242EAA /* Sources */,
				BC898AF320ECC9BF00242EAA /* Frameworks */,
				BC898AF420ECC9BF00242EAA /* Resources */,
			);
			buildRules = (
			);
			dependencies = (
			);
			name = JWSTimer;
			productName = JWSTimer;
			productReference = BC898AF620ECC9BF00242EAA /* JWSTimer.app */;
			productType = "com.apple.product-type.application";
		};
/* End PBXNativeTarget section */

/* Begin PBXProject section */
		BC898AEE20ECC9BF00242EAA /* Project object */ = {
			isa = PBXProject;
			attributes = {
				LastUpgradeCheck = 0920;
				ORGANIZATIONNAME = clint;
				TargetAttributes = {
					BC898AF520ECC9BF00242EAA = {
						CreatedOnToolsVersion = 9.2;
						ProvisioningStyle = Automatic;
					};
				};
			};
			buildConfigurationList = BC898AF120ECC9BF00242EAA /* Build configuration list for PBXProject "JWSTimer" */;
			compatibilityVersion = "Xcode 8.0";
			developmentRegion = en;
			hasScannedForEncodings = 0;
			knownRegions = (
				en,
				Base,
			);
			mainGroup = BC898AED20ECC9BF00242EAA;
			productRefGroup = BC898AF720ECC9BF00242EAA /* Products */;
			projectDirPath = "";
			projectRoot = "";
			targets = (
				BC898AF520ECC9BF00242EAA /* JWSTimer */,
			);
		};
/* End PBXProject section */

/* Begin PBXResourcesBuildPhase section */
		BC898AF420ECC9BF00242EAA /* Resources */ = {
			isa = PBXResourcesBuildPhase;
			buildActionMask = 2147483647;
			files = (
				BC898B0620ECC9BF00242EAA /* LaunchScreen.storyboard in Resources */,
				BC898B0320ECC9BF00242EAA /* Assets.xcassets in Resources */,
				BC898B0120ECC9BF00242EAA /* Main.storyboard in Resources */,
			);
			runOnlyForDeploymentPostprocessing = 0;
		};
/* End PBXResourcesBuildPhase section */

/* Begin PBXSourcesBuildPhase section */
		BC898AF220ECC9BF00242EAA /* Sources */ = {
			isa = PBXSourcesBuildPhase;
			buildActionMask = 2147483647;
			files = (
				BC898AFE20ECC9BF00242EAA /* ViewController.m in Sources */,
				BC898B0920ECC9BF00242EAA /* main.m in Sources */,
				BC898AFB20ECC9BF00242EAA /* AppDelegate.m in Sources */,
			);
			runOnlyForDeploymentPostprocessing = 0;
		};
/* End PBXSourcesBuildPhase section */

/* Begin PBXVariantGroup section */
		BC898AFF20ECC9BF00242EAA /* Main.storyboard */ = {
			isa = PBXVariantGroup;
			children = (
				BC898B0020ECC9BF00242EAA /* Base */,
			);
			name = Main.storyboard;
			sourceTree = "<group>";
		};
		BC898B0420ECC9BF00242EAA /* LaunchScreen.storyboard */ = {
			isa = PBXVariantGroup;
			children = (
				BC898B0520ECC9BF00242EAA /* Base */,
			);
			name = LaunchScreen.storyboard;
			sourceTree = "<group>";
		};
/* End PBXVariantGroup section */

/* Begin XCBuildConfiguration section */
		BC898B0A20ECC9BF00242EAA /* Debug */ = {
			isa = XCBuildConfiguration;
			buildSettings = {
				ALWAYS_SEARCH_USER_PATHS = NO;
				CLANG_ANALYZER_NONNULL = YES;
				CLANG_ANALYZER_NUMBER_OBJECT_CONVERSION = YES_AGGRESSIVE;
				CLANG_CXX_LANGUAGE_STANDARD = "gnu++14";
				CLANG_CXX_LIBRARY = "libc++";
				CLANG_ENABLE_MODULES = YES;
				CLANG_ENABLE_OBJC_ARC = YES;
				CLANG_WARN_BLOCK_CAPTURE_AUTORELEASING = YES;
				CLANG_WARN_BOOL_CONVERSION = YES;
				CLANG_WARN_COMMA = YES;
				CLANG_WARN_CONSTANT_CONVERSION = YES;
				CLANG_WARN_DIRECT_OBJC_ISA_USAGE = YES_ERROR;
				CLANG_WARN_DOCUMENTATION_COMMENTS = YES;
				CLANG_WARN_EMPTY_BODY = YES;
				CLANG_WARN_ENUM_CONVERSION = YES;
				CLANG_WARN_INFINITE_RECURSION = YES;
				CLANG_WARN_INT_CONVERSION = YES;
				CLANG_WARN_NON_LITERAL_NULL_CONVERSION = YES;
				CLANG_WARN_OBJC_LITERAL_CONVERSION = YES;
				CLANG_WARN_OBJC_ROOT_CLASS = YES_ERROR;
				CLANG_WARN_RANGE_LOOP_ANALYSIS = YES;
				CLANG_WARN_STRICT_PROTOTYPES = YES;
				CLANG_WARN_SUSPICIOUS_MOVE = YES;
				CLANG_WARN_UNGUARDED_AVAILABILITY = YES_AGGRESSIVE;
				CLANG_WARN_UNREACHABLE_CODE = YES;
				CLANG_WARN__DUPLICATE_METHOD_MATCH = YES;
				CODE_SIGN_IDENTITY = "iPhone Developer";
				COPY_PHASE_STRIP = NO;
				DEBUG_INFORMATION_FORMAT = dwarf;
				ENABLE_STRICT_OBJC_MSGSEND = YES;
				ENABLE_TESTABILITY = YES;
				GCC_C_LANGUAGE_STANDARD = gnu11;
				GCC_DYNAMIC_NO_PIC = NO;
				GCC_NO_COMMON_BLOCKS = YES;
				GCC_OPTIMIZATION_LEVEL = 0;
				GCC_PREPROCESSOR_DEFINITIONS = (
					"DEBUG=1",
					"$(inherited)",
				);
				GCC_WARN_64_TO_32_BIT_CONVERSION = YES;
				GCC_WARN_ABOUT_RETURN_TYPE = YES_ERROR;
				GCC_WARN_UNDECLARED_SELECTOR = YES;
				GCC_WARN_UNINITIALIZED_AUTOS = YES_AGGRESSIVE;
				GCC_WARN_UNUSED_FUNCTION = YES;
				GCC_WARN_UNUSED_VARIABLE = YES;
				IPHONEOS_DEPLOYMENT_TARGET = 11.2;
				MTL_ENABLE_DEBUG_INFO = YES;
				ONLY_ACTIVE_ARCH = YES;
				SDKROOT = iphoneos;
			};
			name = Debug;
		};
		BC898B0B20ECC9BF00242EAA /* Release */ = {
			isa = XCBuildConfiguration;
			buildSettings = {
				ALWAYS_SEARCH_USER_PATHS = NO;
				CLANG_ANALYZER_NONNULL = YES;
				CLANG_ANALYZER_NUMBER_OBJECT_CONVERSION = YES_AGGRESSIVE;
				CLANG_CXX_LANGUAGE_STANDARD = "gnu++14";
				CLANG_CXX_LIBRARY = "libc++";
				CLANG_ENABLE_MODULES = YES;
				CLANG_ENABLE_OBJC_ARC = YES;
				CLANG_WARN_BLOCK_CAPTURE_AUTORELEASING = YES;
				CLANG_WARN_BOOL_CONVERSION = YES;
				CLANG_WARN_COMMA = YES;
				CLANG_WARN_CONSTANT_CONVERSION = YES;
				CLANG_WARN_DIRECT_OBJC_ISA_USAGE = YES_ERROR;
				CLANG_WARN_DOCUMENTATION_COMMENTS = YES;
				CLANG_WARN_EMPTY_BODY = YES;
				CLANG_WARN_ENUM_CONVERSION = YES;
				CLANG_WARN_INFINITE_RECURSION = YES;
				CLANG_WARN_INT_CONVERSION = YES;
				CLANG_WARN_NON_LITERAL_NULL_CONVERSION = YES;
				CLANG_WARN_OBJC_LITERAL_CONVERSION = YES;
				CLANG_WARN_OBJC_ROOT_CLASS = YES_ERROR;
				CLANG_WARN_RANGE_LOOP_ANALYSIS = YES;
				CLANG_WARN_STRICT_PROTOTYPES = YES;
				CLANG_WARN_SUSPICIOUS_MOVE = YES;
				CLANG_WARN_UNGUARDED_AVAILABILITY = YES_AGGRESSIVE;
				CLANG_WARN_UNREACHABLE_CODE = YES;
				CLANG_WARN__DUPLICATE_METHOD_MATCH = YES;
				CODE_SIGN_IDENTITY = "iPhone Developer";
				COPY_PHASE_STRIP = NO;
				DEBUG_INFORMATION_FORMAT = "dwarf-with-dsym";
				ENABLE_NS_ASSERTIONS = NO;
				ENABLE_STRICT_OBJC_MSGSEND = YES;
				GCC_C_LANGUAGE_STANDARD = gnu11;
				GCC_NO_COMMON_BLOCKS = YES;
				GCC_WARN_64_TO_32_BIT_CONVERSION = YES;
				GCC_WARN_ABOUT_RETURN_TYPE = YES_ERROR;
				GCC_WARN_UNDECLARED_SELECTOR = YES;
				GCC_WARN_UNINITIALIZED_AUTOS = YES_AGGRESSIVE;
				GCC_WARN_UNUSED_FUNCTION = YES;
				GCC_WARN_UNUSED_VARIABLE = YES;
				IPHONEOS_DEPLOYMENT_TARGET = 11.2;
				MTL_ENABLE_DEBUG_INFO = NO;
				SDKROOT = iphoneos;
				VALIDATE_PRODUCT = YES;
			};
			name = Release;
		};
		BC898B0D20ECC9BF00242EAA /* Debug */ = {
			isa = XCBuildConfiguration;
			buildSettings = {
				ASSETCATALOG_COMPILER_APPICON_NAME = AppIcon;
				CODE_SIGN_STYLE = Automatic;
				DEVELOPMENT_TEAM = Y72B7R5K2B;
				INFOPLIST_FILE = JWSTimer/Info.plist;
				LD_RUNPATH_SEARCH_PATHS = "$(inherited) @executable_path/Frameworks";
				PRODUCT_BUNDLE_IDENTIFIER = kr.co.clintjang.JWSTimer;
				PRODUCT_NAME = "$(TARGET_NAME)";
				TARGETED_DEVICE_FAMILY = "1,2";
			};
			name = Debug;
		};
		BC898B0E20ECC9BF00242EAA /* Release */ = {
			isa = XCBuildConfiguration;
			buildSettings = {
				ASSETCATALOG_COMPILER_APPICON_NAME = AppIcon;
				CODE_SIGN_STYLE = Automatic;
				DEVELOPMENT_TEAM = Y72B7R5K2B;
				INFOPLIST_FILE = JWSTimer/Info.plist;
				LD_RUNPATH_SEARCH_PATHS = "$(inherited) @executable_path/Frameworks";
				PRODUCT_BUNDLE_IDENTIFIER = kr.co.clintjang.JWSTimer;
				PRODUCT_NAME = "$(TARGET_NAME)";
				TARGETED_DEVICE_FAMILY = "1,2";
			};
			name = Release;
		};
/* End XCBuildConfiguration section */

/* Begin XCConfigurationList section */
		BC898AF120ECC9BF00242EAA /* Build configuration list for PBXProject "JWSTimer" */ = {
			isa = XCConfigurationList;
			buildConfigurations = (
				BC898B0A20ECC9BF00242EAA /* Debug */,
				BC898B0B20ECC9BF00242EAA /* Release */,
			);
			defaultConfigurationIsVisible = 0;
			defaultConfigurationName = Release;
		};
		BC898B0C20ECC9BF00242EAA /* Build configuration list for PBXNativeTarget "JWSTimer" */ = {
			isa = XCConfigurationList;
			buildConfigurations = (
				BC898B0D20ECC9BF00242EAA /* Debug */,
				BC898B0E20ECC9BF00242EAA /* Release */,
			);
			defaultConfigurationIsVisible = 0;
			defaultConfigurationName = Release;
		};
/* End XCConfigurationList section */
	};
	rootObject = BC898AEE20ECC9BF00242EAA /* Project object */;
}
